// !$*UTF8*$!
{
	archiveVersion = 1;
	classes = {
	};
	objectVersion = 50;
	objects = {

/* Begin PBXBuildFile section */
		3CEA61BB230CB06300FF7D92 /* AppDelegate.swift in Sources */ = {isa = PBXBuildFile; fileRef = 3CEA61BA230CB06300FF7D92 /* AppDelegate.swift */; };
		3CEA61BD230CB06300FF7D92 /* CalendarViewController.swift in Sources */ = {isa = PBXBuildFile; fileRef = 3CEA61BC230CB06300FF7D92 /* CalendarViewController.swift */; };
		3CEA61C0230CB06300FF7D92 /* Main.storyboard in Resources */ = {isa = PBXBuildFile; fileRef = 3CEA61BE230CB06300FF7D92 /* Main.storyboard */; };
		3CEA61C3230CB06300FF7D92 /* CalendarTexting.xcdatamodeld in Sources */ = {isa = PBXBuildFile; fileRef = 3CEA61C1230CB06300FF7D92 /* CalendarTexting.xcdatamodeld */; };
		3CEA61C5230CB06600FF7D92 /* Assets.xcassets in Resources */ = {isa = PBXBuildFile; fileRef = 3CEA61C4230CB06600FF7D92 /* Assets.xcassets */; };
		3CEA61C8230CB06600FF7D92 /* LaunchScreen.storyboard in Resources */ = {isa = PBXBuildFile; fileRef = 3CEA61C6230CB06600FF7D92 /* LaunchScreen.storyboard */; };
		3CEA61D0230CB38000FF7D92 /* Variables.swift in Sources */ = {isa = PBXBuildFile; fileRef = 3CEA61CF230CB38000FF7D92 /* Variables.swift */; };
		3CEA61D2230CB87200FF7D92 /* dateCollectionViewCell.swift in Sources */ = {isa = PBXBuildFile; fileRef = 3CEA61D1230CB87200FF7D92 /* dateCollectionViewCell.swift */; };
		3CEDE6FB232F283400F798DF /* dayCollectionViewCell.swift in Sources */ = {isa = PBXBuildFile; fileRef = 3CEDE6FA232F283400F798DF /* dayCollectionViewCell.swift */; };
/* End PBXBuildFile section */

/* Begin PBXFileReference section */
		3CEA61B7230CB06300FF7D92 /* CalendarTexting.app */ = {isa = PBXFileReference; explicitFileType = wrapper.application; includeInIndex = 0; path = CalendarTexting.app; sourceTree = BUILT_PRODUCTS_DIR; };
		3CEA61BA230CB06300FF7D92 /* AppDelegate.swift */ = {isa = PBXFileReference; lastKnownFileType = sourcecode.swift; path = AppDelegate.swift; sourceTree = "<group>"; };
		3CEA61BC230CB06300FF7D92 /* CalendarViewController.swift */ = {isa = PBXFileReference; lastKnownFileType = sourcecode.swift; path = CalendarViewController.swift; sourceTree = "<group>"; };
		3CEA61BF230CB06300FF7D92 /* Base */ = {isa = PBXFileReference; lastKnownFileType = file.storyboard; name = Base; path = Base.lproj/Main.storyboard; sourceTree = "<group>"; };
		3CEA61C2230CB06300FF7D92 /* CalendarTexting.xcdatamodel */ = {isa = PBXFileReference; lastKnownFileType = wrapper.xcdatamodel; path = CalendarTexting.xcdatamodel; sourceTree = "<group>"; };
		3CEA61C4230CB06600FF7D92 /* Assets.xcassets */ = {isa = PBXFileReference; lastKnownFileType = folder.assetcatalog; path = Assets.xcassets; sourceTree = "<group>"; };
		3CEA61C7230CB06600FF7D92 /* Base */ = {isa = PBXFileReference; lastKnownFileType = file.storyboard; name = Base; path = Base.lproj/LaunchScreen.storyboard; sourceTree = "<group>"; };
		3CEA61C9230CB06600FF7D92 /* Info.plist */ = {isa = PBXFileReference; lastKnownFileType = text.plist.xml; path = Info.plist; sourceTree = "<group>"; };
		3CEA61CF230CB38000FF7D92 /* Variables.swift */ = {isa = PBXFileReference; lastKnownFileType = sourcecode.swift; path = Variables.swift; sourceTree = SOURCE_ROOT; };
		3CEA61D1230CB87200FF7D92 /* dateCollectionViewCell.swift */ = {isa = PBXFileReference; lastKnownFileType = sourcecode.swift; path = dateCollectionViewCell.swift; sourceTree = SOURCE_ROOT; };
		3CEDE6FA232F283400F798DF /* dayCollectionViewCell.swift */ = {isa = PBXFileReference; lastKnownFileType = sourcecode.swift; path = dayCollectionViewCell.swift; sourceTree = "<group>"; };
/* End PBXFileReference section */

/* Begin PBXFrameworksBuildPhase section */
		3CEA61B4230CB06300FF7D92 /* Frameworks */ = {
			isa = PBXFrameworksBuildPhase;
			buildActionMask = 2147483647;
			files = (
			);
			runOnlyForDeploymentPostprocessing = 0;
		};
/* End PBXFrameworksBuildPhase section */

/* Begin PBXGroup section */
		3CEA61AE230CB06300FF7D92 = {
			isa = PBXGroup;
			children = (
				3CEA61B9230CB06300FF7D92 /* CalendarTexting */,
				3CEA61B8230CB06300FF7D92 /* Products */,
			);
			sourceTree = "<group>";
		};
		3CEA61B8230CB06300FF7D92 /* Products */ = {
			isa = PBXGroup;
			children = (
				3CEA61B7230CB06300FF7D92 /* CalendarTexting.app */,
			);
			name = Products;
			sourceTree = "<group>";
		};
		3CEA61B9230CB06300FF7D92 /* CalendarTexting */ = {
			isa = PBXGroup;
			children = (
				3CEA61BA230CB06300FF7D92 /* AppDelegate.swift */,
				3CEDE6FA232F283400F798DF /* dayCollectionViewCell.swift */,
				3CEA61BC230CB06300FF7D92 /* CalendarViewController.swift */,
				3CEA61BE230CB06300FF7D92 /* Main.storyboard */,
				3CEA61D1230CB87200FF7D92 /* dateCollectionViewCell.swift */,
				3CEA61CF230CB38000FF7D92 /* Variables.swift */,
				3CEA61C4230CB06600FF7D92 /* Assets.xcassets */,
				3CEA61C9230CB06600FF7D92 /* Info.plist */,
				3CEA61C6230CB06600FF7D92 /* LaunchScreen.storyboard */,
				3CEA61C1230CB06300FF7D92 /* CalendarTexting.xcdatamodeld */,
			);
			path = CalendarTexting;
			sourceTree = "<group>";
		};
/* End PBXGroup section */

/* Begin PBXNativeTarget section */
		3CEA61B6230CB06300FF7D92 /* CalendarTexting */ = {
			isa = PBXNativeTarget;
			buildConfigurationList = 3CEA61CC230CB06600FF7D92 /* Build configuration list for PBXNativeTarget "CalendarTexting" */;
			buildPhases = (
				3CEA61B3230CB06300FF7D92 /* Sources */,
				3CEA61B4230CB06300FF7D92 /* Frameworks */,
				3CEA61B5230CB06300FF7D92 /* Resources */,
			);
			buildRules = (
			);
			dependencies = (
			);
			name = CalendarTexting;
			productName = CalendarTexting;
			productReference = 3CEA61B7230CB06300FF7D92 /* CalendarTexting.app */;
			productType = "com.apple.product-type.application";
		};
/* End PBXNativeTarget section */

/* Begin PBXProject section */
		3CEA61AF230CB06300FF7D92 /* Project object */ = {
			isa = PBXProject;
			attributes = {
				LastSwiftUpdateCheck = 1030;
				LastUpgradeCheck = 1030;
				ORGANIZATIONNAME = "Jairo Millan";
				TargetAttributes = {
					3CEA61B6230CB06300FF7D92 = {
						CreatedOnToolsVersion = 10.3;
					};
				};
			};
			buildConfigurationList = 3CEA61B2230CB06300FF7D92 /* Build configuration list for PBXProject "CalendarTexting" */;
			compatibilityVersion = "Xcode 9.3";
			developmentRegion = en;
			hasScannedForEncodings = 0;
			knownRegions = (
				en,
				Base,
			);
			mainGroup = 3CEA61AE230CB06300FF7D92;
			productRefGroup = 3CEA61B8230CB06300FF7D92 /* Products */;
			projectDirPath = "";
			projectRoot = "";
			targets = (
				3CEA61B6230CB06300FF7D92 /* CalendarTexting */,
			);
		};
/* End PBXProject section */

/* Begin PBXResourcesBuildPhase section */
		3CEA61B5230CB06300FF7D92 /* Resources */ = {
			isa = PBXResourcesBuildPhase;
			buildActionMask = 2147483647;
			files = (
				3CEA61C8230CB06600FF7D92 /* LaunchScreen.storyboard in Resources */,
				3CEA61C5230CB06600FF7D92 /* Assets.xcassets in Resources */,
				3CEA61C0230CB06300FF7D92 /* Main.storyboard in Resources */,
			);
			runOnlyForDeploymentPostprocessing = 0;
		};
/* End PBXResourcesBuildPhase section */

/* Begin PBXSourcesBuildPhase section */
		3CEA61B3230CB06300FF7D92 /* Sources */ = {
			isa = PBXSourcesBuildPhase;
			buildActionMask = 2147483647;
			files = (
				3CEA61C3230CB06300FF7D92 /* CalendarTexting.xcdatamodeld in Sources */,
				3CEA61D2230CB87200FF7D92 /* dateCollectionViewCell.swift in Sources */,
				3CEA61BD230CB06300FF7D92 /* CalendarViewController.swift in Sources */,
				3CEDE6FB232F283400F798DF /* dayCollectionViewCell.swift in Sources */,
				3CEA61BB230CB06300FF7D92 /* AppDelegate.swift in Sources */,
				3CEA61D0230CB38000FF7D92 /* Variables.swift in Sources */,
			);
			runOnlyForDeploymentPostprocessing = 0;
		};
/* End PBXSourcesBuildPhase section */

/* Begin PBXVariantGroup section */
		3CEA61BE230CB06300FF7D92 /* Main.storyboard */ = {
			isa = PBXVariantGroup;
			children = (
				3CEA61BF230CB06300FF7D92 /* Base */,
			);
			name = Main.storyboard;
			sourceTree = "<group>";
		};
		3CEA61C6230CB06600FF7D92 /* LaunchScreen.storyboard */ = {
			isa = PBXVariantGroup;
			children = (
				3CEA61C7230CB06600FF7D92 /* Base */,
			);
			name = LaunchScreen.storyboard;
			sourceTree = "<group>";
		};
/* End PBXVariantGroup section */

/* Begin XCBuildConfiguration section */
		3CEA61CA230CB06600FF7D92 /* Debug */ = {
			isa = XCBuildConfiguration;
			buildSettings = {
				ALWAYS_SEARCH_USER_PATHS = NO;
				CLANG_ANALYZER_NONNULL = YES;
				CLANG_ANALYZER_NUMBER_OBJECT_CONVERSION = YES_AGGRESSIVE;
				CLANG_CXX_LANGUAGE_STANDARD = "gnu++14";
				CLANG_CXX_LIBRARY = "libc++";
				CLANG_ENABLE_MODULES = YES;
				CLANG_ENABLE_OBJC_ARC = YES;
				CLANG_ENABLE_OBJC_WEAK = YES;
				CLANG_WARN_BLOCK_CAPTURE_AUTORELEASING = YES;
				CLANG_WARN_BOOL_CONVERSION = YES;
				CLANG_WARN_COMMA = YES;
				CLANG_WARN_CONSTANT_CONVERSION = YES;
				CLANG_WARN_DEPRECATED_OBJC_IMPLEMENTATIONS = YES;
				CLANG_WARN_DIRECT_OBJC_ISA_USAGE = YES_ERROR;
				CLANG_WARN_DOCUMENTATION_COMMENTS = YES;
				CLANG_WARN_EMPTY_BODY = YES;
				CLANG_WARN_ENUM_CONVERSION = YES;
				CLANG_WARN_INFINITE_RECURSION = YES;
				CLANG_WARN_INT_CONVERSION = YES;
				CLANG_WARN_NON_LITERAL_NULL_CONVERSION = YES;
				CLANG_WARN_OBJC_IMPLICIT_RETAIN_SELF = YES;
				CLANG_WARN_OBJC_LITERAL_CONVERSION = YES;
				CLANG_WARN_OBJC_ROOT_CLASS = YES_ERROR;
				CLANG_WARN_RANGE_LOOP_ANALYSIS = YES;
				CLANG_WARN_STRICT_PROTOTYPES = YES;
				CLANG_WARN_SUSPICIOUS_MOVE = YES;
				CLANG_WARN_UNGUARDED_AVAILABILITY = YES_AGGRESSIVE;
				CLANG_WARN_UNREACHABLE_CODE = YES;
				CLANG_WARN__DUPLICATE_METHOD_MATCH = YES;
				CODE_SIGN_IDENTITY = "iPhone Developer";
				COPY_PHASE_STRIP = NO;
				DEBUG_INFORMATION_FORMAT = dwarf;
				ENABLE_STRICT_OBJC_MSGSEND = YES;
				ENABLE_TESTABILITY = YES;
				GCC_C_LANGUAGE_STANDARD = gnu11;
				GCC_DYNAMIC_NO_PIC = NO;
				GCC_NO_COMMON_BLOCKS = YES;
				GCC_OPTIMIZATION_LEVEL = 0;
				GCC_PREPROCESSOR_DEFINITIONS = (
					"DEBUG=1",
					"$(inherited)",
				);
				GCC_WARN_64_TO_32_BIT_CONVERSION = YES;
				GCC_WARN_ABOUT_RETURN_TYPE = YES_ERROR;
				GCC_WARN_UNDECLARED_SELECTOR = YES;
				GCC_WARN_UNINITIALIZED_AUTOS = YES_AGGRESSIVE;
				GCC_WARN_UNUSED_FUNCTION = YES;
				GCC_WARN_UNUSED_VARIABLE = YES;
				IPHONEOS_DEPLOYMENT_TARGET = 12.4;
				MTL_ENABLE_DEBUG_INFO = INCLUDE_SOURCE;
				MTL_FAST_MATH = YES;
				ONLY_ACTIVE_ARCH = YES;
				SDKROOT = iphoneos;
				SWIFT_ACTIVE_COMPILATION_CONDITIONS = DEBUG;
				SWIFT_OPTIMIZATION_LEVEL = "-Onone";
			};
			name = Debug;
		};
		3CEA61CB230CB06600FF7D92 /* Release */ = {
			isa = XCBuildConfiguration;
			buildSettings = {
				ALWAYS_SEARCH_USER_PATHS = NO;
				CLANG_ANALYZER_NONNULL = YES;
				CLANG_ANALYZER_NUMBER_OBJECT_CONVERSION = YES_AGGRESSIVE;
				CLANG_CXX_LANGUAGE_STANDARD = "gnu++14";
				CLANG_CXX_LIBRARY = "libc++";
				CLANG_ENABLE_MODULES = YES;
				CLANG_ENABLE_OBJC_ARC = YES;
				CLANG_ENABLE_OBJC_WEAK = YES;
				CLANG_WARN_BLOCK_CAPTURE_AUTORELEASING = YES;
				CLANG_WARN_BOOL_CONVERSION = YES;
				CLANG_WARN_COMMA = YES;
				CLANG_WARN_CONSTANT_CONVERSION = YES;
				CLANG_WARN_DEPRECATED_OBJC_IMPLEMENTATIONS = YES;
				CLANG_WARN_DIRECT_OBJC_ISA_USAGE = YES_ERROR;
				CLANG_WARN_DOCUMENTATION_COMMENTS = YES;
				CLANG_WARN_EMPTY_BODY = YES;
				CLANG_WARN_ENUM_CONVERSION = YES;
				CLANG_WARN_INFINITE_RECURSION = YES;
				CLANG_WARN_INT_CONVERSION = YES;
				CLANG_WARN_NON_LITERAL_NULL_CONVERSION = YES;
				CLANG_WARN_OBJC_IMPLICIT_RETAIN_SELF = YES;
				CLANG_WARN_OBJC_LITERAL_CONVERSION = YES;
				CLANG_WARN_OBJC_ROOT_CLASS = YES_ERROR;
				CLANG_WARN_RANGE_LOOP_ANALYSIS = YES;
				CLANG_WARN_STRICT_PROTOTYPES = YES;
				CLANG_WARN_SUSPICIOUS_MOVE = YES;
				CLANG_WARN_UNGUARDED_AVAILABILITY = YES_AGGRESSIVE;
				CLANG_WARN_UNREACHABLE_CODE = YES;
				CLANG_WARN__DUPLICATE_METHOD_MATCH = YES;
				CODE_SIGN_IDENTITY = "iPhone Developer";
				COPY_PHASE_STRIP = NO;
				DEBUG_INFORMATION_FORMAT = "dwarf-with-dsym";
				ENABLE_NS_ASSERTIONS = NO;
				ENABLE_STRICT_OBJC_MSGSEND = YES;
				GCC_C_LANGUAGE_STANDARD = gnu11;
				GCC_NO_COMMON_BLOCKS = YES;
				GCC_WARN_64_TO_32_BIT_CONVERSION = YES;
				GCC_WARN_ABOUT_RETURN_TYPE = YES_ERROR;
				GCC_WARN_UNDECLARED_SELECTOR = YES;
				GCC_WARN_UNINITIALIZED_AUTOS = YES_AGGRESSIVE;
				GCC_WARN_UNUSED_FUNCTION = YES;
				GCC_WARN_UNUSED_VARIABLE = YES;
				IPHONEOS_DEPLOYMENT_TARGET = 12.4;
				MTL_ENABLE_DEBUG_INFO = NO;
				MTL_FAST_MATH = YES;
				SDKROOT = iphoneos;
				SWIFT_COMPILATION_MODE = wholemodule;
				SWIFT_OPTIMIZATION_LEVEL = "-O";
				VALIDATE_PRODUCT = YES;
			};
			name = Release;
		};
		3CEA61CD230CB06600FF7D92 /* Debug */ = {
			isa = XCBuildConfiguration;
			buildSettings = {
				ASSETCATALOG_COMPILER_APPICON_NAME = AppIcon;
				CODE_SIGN_STYLE = Automatic;
				DEVELOPMENT_TEAM = NNHT4PPEPU;
				INFOPLIST_FILE = CalendarTexting/Info.plist;
				LD_RUNPATH_SEARCH_PATHS = (
					"$(inherited)",
					"@executable_path/Frameworks",
				);
				PRODUCT_BUNDLE_IDENTIFIER = Jairo.CalendarTexting;
				PRODUCT_NAME = "$(TARGET_NAME)";
				SWIFT_VERSION = 5.0;
				TARGETED_DEVICE_FAMILY = "1,2";
			};
			name = Debug;
		};
		3CEA61CE230CB06600FF7D92 /* Release */ = {
			isa = XCBuildConfiguration;
			buildSettings = {
				ASSETCATALOG_COMPILER_APPICON_NAME = AppIcon;
				CODE_SIGN_STYLE = Automatic;
				DEVELOPMENT_TEAM = NNHT4PPEPU;
				INFOPLIST_FILE = CalendarTexting/Info.plist;
				LD_RUNPATH_SEARCH_PATHS = (
					"$(inherited)",
					"@executable_path/Frameworks",
				);
				PRODUCT_BUNDLE_IDENTIFIER = Jairo.CalendarTexting;
				PRODUCT_NAME = "$(TARGET_NAME)";
				SWIFT_VERSION = 5.0;
				TARGETED_DEVICE_FAMILY = "1,2";
			};
			name = Release;
		};
/* End XCBuildConfiguration section */

/* Begin XCConfigurationList section */
		3CEA61B2230CB06300FF7D92 /* Build configuration list for PBXProject "CalendarTexting" */ = {
			isa = XCConfigurationList;
			buildConfigurations = (
				3CEA61CA230CB06600FF7D92 /* Debug */,
				3CEA61CB230CB06600FF7D92 /* Release */,
			);
			defaultConfigurationIsVisible = 0;
			defaultConfigurationName = Release;
		};
		3CEA61CC230CB06600FF7D92 /* Build configuration list for PBXNativeTarget "CalendarTexting" */ = {
			isa = XCConfigurationList;
			buildConfigurations = (
				3CEA61CD230CB06600FF7D92 /* Debug */,
				3CEA61CE230CB06600FF7D92 /* Release */,
			);
			defaultConfigurationIsVisible = 0;
			defaultConfigurationName = Release;
		};
/* End XCConfigurationList section */

/* Begin XCVersionGroup section */
		3CEA61C1230CB06300FF7D92 /* CalendarTexting.xcdatamodeld */ = {
			isa = XCVersionGroup;
			children = (
				3CEA61C2230CB06300FF7D92 /* CalendarTexting.xcdatamodel */,
			);
			currentVersion = 3CEA61C2230CB06300FF7D92 /* CalendarTexting.xcdatamodel */;
			path = CalendarTexting.xcdatamodeld;
			sourceTree = "<group>";
			versionGroupType = wrapper.xcdatamodel;
		};
/* End XCVersionGroup section */
	};
	rootObject = 3CEA61AF230CB06300FF7D92 /* Project object */;
}
